
Microsoft Visual Studio Solution File, Format Version 12.00
# Visual Studio Version 17
VisualStudioVersion = 17.3.32721.290
MinimumVisualStudioVersion = 10.0.40219.1
Project("{FAE04EC0-301F-11D3-BF4B-00C04F79EFBC}") = "atm-uygulamasi", "atm-uygulamasi.csproj", "{503EF485-9529-44D5-948B-56C1BB71EE74}"
EndProject
Global
	GlobalSection(SolutionConfigurationPlatforms) = preSolution
		Debug|Any CPU = Debug|Any CPU
		Release|Any CPU = Release|Any CPU
	EndGlobalSection
	GlobalSection(ProjectConfigurationPlatforms) = postSolution
		{503EF485-9529-44D5-948B-56C1BB71EE74}.Debug|Any CPU.ActiveCfg = Debug|Any CPU
		{503EF485-9529-44D5-948B-56C1BB71EE74}.Debug|Any CPU.Build.0 = Debug|Any CPU
		{503EF485-9529-44D5-948B-56C1BB71EE74}.Release|Any CPU.ActiveCfg = Release|Any CPU
		{503EF485-9529-44D5-948B-56C1BB71EE74}.Release|Any CPU.Build.0 = Release|Any CPU
	EndGlobalSection
	GlobalSection(SolutionProperties) = preSolution
		HideSolutionNode = FALSE
	EndGlobalSection
	GlobalSection(ExtensibilityGlobals) = postSolution
		SolutionGuid = {6F19432A-E09A-462F-A555-6D69251C969B}
	EndGlobalSection
EndGlobal
