
Microsoft Visual Studio Solution File, Format Version 12.00
# Visual Studio Version 17
VisualStudioVersion = 17.3.32721.290
MinimumVisualStudioVersion = 10.0.40219.1
Project("{FAE04EC0-301F-11D3-BF4B-00C04F79EFBC}") = "barcode-generator-reader", "barcode-generator-reader.csproj", "{B40CF5CF-C102-4B5D-AF6D-0ED89DC186C7}"
EndProject
Global
	GlobalSection(SolutionConfigurationPlatforms) = preSolution
		Debug|Any CPU = Debug|Any CPU
		Release|Any CPU = Release|Any CPU
	EndGlobalSection
	GlobalSection(ProjectConfigurationPlatforms) = postSolution
		{B40CF5CF-C102-4B5D-AF6D-0ED89DC186C7}.Debug|Any CPU.ActiveCfg = Debug|Any CPU
		{B40CF5CF-C102-4B5D-AF6D-0ED89DC186C7}.Debug|Any CPU.Build.0 = Debug|Any CPU
		{B40CF5CF-C102-4B5D-AF6D-0ED89DC186C7}.Release|Any CPU.ActiveCfg = Release|Any CPU
		{B40CF5CF-C102-4B5D-AF6D-0ED89DC186C7}.Release|Any CPU.Build.0 = Release|Any CPU
	EndGlobalSection
	GlobalSection(SolutionProperties) = preSolution
		HideSolutionNode = FALSE
	EndGlobalSection
	GlobalSection(ExtensibilityGlobals) = postSolution
		SolutionGuid = {F87F6315-0EF1-4093-9A07-9094BCEC6465}
	EndGlobalSection
EndGlobal
